{
  "name": "wux-ui",
  "version": "0.1.0",
  "lockfileVersion": 1,
  "requires": true,
  "dependencies": {
    "inter-ui": {
      "version": "3.19.3",
      "resolved": "https://registry.npmjs.org/inter-ui/-/inter-ui-3.19.3.tgz",
      "integrity": "sha512-5FG9fjuYOXocIfjzcCBhICL5cpvwEetseL3FU6tP3d6Bn7g8wODhB+I9RNGRTizCT7CUG4GOK54OPxqq3msQgg=="
    },
    "normalize.css": {
      "version": "8.0.1",
      "resolved": "https://registry.npmjs.org/normalize.css/-/normalize.css-8.0.1.tgz",
      "integrity": "sha512-qizSNPO93t1YUuUhP22btGOo3chcvDFqFaj2TRybP0DMxkHOCTYwp3n34fel4a31ORXy4m1Xq0Gyqpb5m33qIg=="
    }
  }
}
